
Microsoft Visual Studio Solution File, Format Version 12.00
# Visual Studio Version 16
VisualStudioVersion = 16.0.30225.117
MinimumVisualStudioVersion = 10.0.40219.1
Project("{FAE04EC0-301F-11D3-BF4B-00C04F79EFBC}") = "WebAppLexicon9", "WebAppLexicon9\WebAppLexicon9.csproj", "{77E60C40-F440-4238-8E41-05718F629A66}"
EndProject
Project("{FAE04EC0-301F-11D3-BF4B-00C04F79EFBC}") = "XUnitTestLexicon9", "XUnitTestLexicon9\XUnitTestLexicon9.csproj", "{8FA03B5A-242A-421E-B28A-EF1ECE11B319}"
EndProject
Global
	GlobalSection(SolutionConfigurationPlatforms) = preSolution
		Debug|Any CPU = Debug|Any CPU
		Release|Any CPU = Release|Any CPU
	EndGlobalSection
	GlobalSection(ProjectConfigurationPlatforms) = postSolution
		{77E60C40-F440-4238-8E41-05718F629A66}.Debug|Any CPU.ActiveCfg = Debug|Any CPU
		{77E60C40-F440-4238-8E41-05718F629A66}.Debug|Any CPU.Build.0 = Debug|Any CPU
		{77E60C40-F440-4238-8E41-05718F629A66}.Release|Any CPU.ActiveCfg = Release|Any CPU
		{77E60C40-F440-4238-8E41-05718F629A66}.Release|Any CPU.Build.0 = Release|Any CPU
		{8FA03B5A-242A-421E-B28A-EF1ECE11B319}.Debug|Any CPU.ActiveCfg = Debug|Any CPU
		{8FA03B5A-242A-421E-B28A-EF1ECE11B319}.Debug|Any CPU.Build.0 = Debug|Any CPU
		{8FA03B5A-242A-421E-B28A-EF1ECE11B319}.Release|Any CPU.ActiveCfg = Release|Any CPU
		{8FA03B5A-242A-421E-B28A-EF1ECE11B319}.Release|Any CPU.Build.0 = Release|Any CPU
	EndGlobalSection
	GlobalSection(SolutionProperties) = preSolution
		HideSolutionNode = FALSE
	EndGlobalSection
	GlobalSection(ExtensibilityGlobals) = postSolution
		SolutionGuid = {2C121B9A-12FB-45D0-93E3-8FDE80FAF69D}
	EndGlobalSection
EndGlobal
